Microsoft Visual Studio Solution File, Format Version 12.00
# Visual Studio 2012
Project("{FAE04EC0-301F-11D3-BF4B-00C04F79EFBC}") = "BitKnight", "BitKnight.csproj", "{BCB83341-528B-41C2-89FE-332DF80A6A5A}"
EndProject
Global
	GlobalSection(SolutionConfigurationPlatforms) = preSolution
	Debug|Any CPU = Debug|Any CPU
	Release|Any CPU = Release|Any CPU
	Tools|Any CPU = Tools|Any CPU
	EndGlobalSection
	GlobalSection(ProjectConfigurationPlatforms) = postSolution
		{BCB83341-528B-41C2-89FE-332DF80A6A5A}.Debug|Any CPU.ActiveCfg = Debug|Any CPU
		{BCB83341-528B-41C2-89FE-332DF80A6A5A}.Debug|Any CPU.Build.0 = Debug|Any CPU
		{BCB83341-528B-41C2-89FE-332DF80A6A5A}.Release|Any CPU.ActiveCfg = Release|Any CPU
		{BCB83341-528B-41C2-89FE-332DF80A6A5A}.Release|Any CPU.Build.0 = Release|Any CPU
		{BCB83341-528B-41C2-89FE-332DF80A6A5A}.Tools|Any CPU.ActiveCfg = Tools|Any CPU
		{BCB83341-528B-41C2-89FE-332DF80A6A5A}.Tools|Any CPU.Build.0 = Tools|Any CPU
	EndGlobalSection
EndGlobal
